
Microsoft Visual Studio Solution File, Format Version 12.00
# Visual Studio Version 17
VisualStudioVersion = 17.0.31903.59
MinimumVisualStudioVersion = 10.0.40219.1
Project("{FAE04EC0-301F-11D3-BF4B-00C04F79EFBC}") = "abstractFactory", "abstractFactory\abstractFactory.csproj", "{4B14DA2A-5D3B-4921-B167-921B5487B548}"
EndProject
Project("{FAE04EC0-301F-11D3-BF4B-00C04F79EFBC}") = "mementoThing", "mementoThing\mementoThing.csproj", "{83A96F8D-47E1-4956-A6F2-23DF7CA5D33D}"
EndProject
Global
	GlobalSection(SolutionConfigurationPlatforms) = preSolution
		Debug|Any CPU = Debug|Any CPU
		Release|Any CPU = Release|Any CPU
	EndGlobalSection
	GlobalSection(SolutionProperties) = preSolution
		HideSolutionNode = FALSE
	EndGlobalSection
	GlobalSection(ProjectConfigurationPlatforms) = postSolution
		{4B14DA2A-5D3B-4921-B167-921B5487B548}.Debug|Any CPU.ActiveCfg = Debug|Any CPU
		{4B14DA2A-5D3B-4921-B167-921B5487B548}.Debug|Any CPU.Build.0 = Debug|Any CPU
		{4B14DA2A-5D3B-4921-B167-921B5487B548}.Release|Any CPU.ActiveCfg = Release|Any CPU
		{4B14DA2A-5D3B-4921-B167-921B5487B548}.Release|Any CPU.Build.0 = Release|Any CPU
		{83A96F8D-47E1-4956-A6F2-23DF7CA5D33D}.Debug|Any CPU.ActiveCfg = Debug|Any CPU
		{83A96F8D-47E1-4956-A6F2-23DF7CA5D33D}.Debug|Any CPU.Build.0 = Debug|Any CPU
		{83A96F8D-47E1-4956-A6F2-23DF7CA5D33D}.Release|Any CPU.ActiveCfg = Release|Any CPU
		{83A96F8D-47E1-4956-A6F2-23DF7CA5D33D}.Release|Any CPU.Build.0 = Release|Any CPU
	EndGlobalSection
EndGlobal
